
Microsoft Visual Studio Solution File, Format Version 12.00
Project("{FAE04EC0-301F-11D3-BF4B-00C04F79EFBC}") = "Capyndex", "Capyndex\Source\Capyndex.csproj", "{E549C5BB-256E-44CC-A9F1-AB66C8DD8768}"
EndProject
Project("{FAE04EC0-301F-11D3-BF4B-00C04F79EFBC}") = "Tests", "Capyndex\Tests\Tests.csproj", "{20B927EB-CAFA-4792-9792-A3BE476E159D}"
EndProject
Project("{FAE04EC0-301F-11D3-BF4B-00C04F79EFBC}") = "DataSeed", "DataSeed\DataSeed.csproj", "{5A25ED79-7B85-4296-83FF-27D21DC91147}"
EndProject
Global
	GlobalSection(SolutionConfigurationPlatforms) = preSolution
		Debug|Any CPU = Debug|Any CPU
		Release|Any CPU = Release|Any CPU
	EndGlobalSection
	GlobalSection(ProjectConfigurationPlatforms) = postSolution
		{E549C5BB-256E-44CC-A9F1-AB66C8DD8768}.Debug|Any CPU.ActiveCfg = Debug|Any CPU
		{E549C5BB-256E-44CC-A9F1-AB66C8DD8768}.Debug|Any CPU.Build.0 = Debug|Any CPU
		{E549C5BB-256E-44CC-A9F1-AB66C8DD8768}.Release|Any CPU.ActiveCfg = Release|Any CPU
		{E549C5BB-256E-44CC-A9F1-AB66C8DD8768}.Release|Any CPU.Build.0 = Release|Any CPU
		{20B927EB-CAFA-4792-9792-A3BE476E159D}.Debug|Any CPU.ActiveCfg = Debug|Any CPU
		{20B927EB-CAFA-4792-9792-A3BE476E159D}.Debug|Any CPU.Build.0 = Debug|Any CPU
		{20B927EB-CAFA-4792-9792-A3BE476E159D}.Release|Any CPU.ActiveCfg = Release|Any CPU
		{20B927EB-CAFA-4792-9792-A3BE476E159D}.Release|Any CPU.Build.0 = Release|Any CPU
		{5A25ED79-7B85-4296-83FF-27D21DC91147}.Debug|Any CPU.ActiveCfg = Debug|Any CPU
		{5A25ED79-7B85-4296-83FF-27D21DC91147}.Debug|Any CPU.Build.0 = Debug|Any CPU
		{5A25ED79-7B85-4296-83FF-27D21DC91147}.Release|Any CPU.ActiveCfg = Release|Any CPU
		{5A25ED79-7B85-4296-83FF-27D21DC91147}.Release|Any CPU.Build.0 = Release|Any CPU
	EndGlobalSection
EndGlobal
